
Microsoft Visual Studio Solution File, Format Version 12.00
# Visual Studio Version 16
VisualStudioVersion = 16.0.28407.52
MinimumVisualStudioVersion = 10.0.40219.1
Project("{9A19103F-16F7-4668-BE54-9A1E7A4F7556}") = "WarFabrik.Clone", "WarFabrik.Clone\WarFabrik.Clone.csproj", "{52E7144A-2D6A-43BF-98EB-98730A197918}"
EndProject
Project("{9A19103F-16F7-4668-BE54-9A1E7A4F7556}") = "BotMaster.Telegram", "BotMaster.Telegram\BotMaster.Telegram.csproj", "{CE1D2188-72EE-4B5D-982A-7F1B07964E8E}"
EndProject
Project("{9A19103F-16F7-4668-BE54-9A1E7A4F7556}") = "BotMaster", "BotMaster\BotMaster.csproj", "{516A2D11-D436-44CA-B2EF-1B31FCB7877A}"
EndProject
Project("{9A19103F-16F7-4668-BE54-9A1E7A4F7556}") = "BotMaster.Betterplace", "BotMaster.Betterplace\BotMaster.Betterplace.csproj", "{99D5F016-072D-4915-8347-C0783E99CCDA}"
EndProject
Project("{9A19103F-16F7-4668-BE54-9A1E7A4F7556}") = "BotMaster.Core", "BotMaster.Core\BotMaster.Core.csproj", "{003E0D76-74C1-4DFE-B4BE-5BEF92E6CC42}"
EndProject
Project("{9A19103F-16F7-4668-BE54-9A1E7A4F7556}") = "BotMaster.Web", "BotMaster.Web\BotMaster.Web.csproj", "{979B8CEF-3A9A-4A95-B1DC-2594AC9DDBD5}"
EndProject
Project("{9A19103F-16F7-4668-BE54-9A1E7A4F7556}") = "BotMaster.Runtime", "BotMaster.Runtime\BotMaster.Runtime.csproj", "{9808CB35-450C-4FCB-B578-E2707D551DD5}"
EndProject
Global
	GlobalSection(SolutionConfigurationPlatforms) = preSolution
		Debug|Any CPU = Debug|Any CPU
		Release|Any CPU = Release|Any CPU
	EndGlobalSection
	GlobalSection(ProjectConfigurationPlatforms) = postSolution
		{52E7144A-2D6A-43BF-98EB-98730A197918}.Debug|Any CPU.ActiveCfg = Debug|Any CPU
		{52E7144A-2D6A-43BF-98EB-98730A197918}.Debug|Any CPU.Build.0 = Debug|Any CPU
		{52E7144A-2D6A-43BF-98EB-98730A197918}.Release|Any CPU.ActiveCfg = Release|Any CPU
		{52E7144A-2D6A-43BF-98EB-98730A197918}.Release|Any CPU.Build.0 = Release|Any CPU
		{CE1D2188-72EE-4B5D-982A-7F1B07964E8E}.Debug|Any CPU.ActiveCfg = Debug|Any CPU
		{CE1D2188-72EE-4B5D-982A-7F1B07964E8E}.Debug|Any CPU.Build.0 = Debug|Any CPU
		{CE1D2188-72EE-4B5D-982A-7F1B07964E8E}.Release|Any CPU.ActiveCfg = Release|Any CPU
		{CE1D2188-72EE-4B5D-982A-7F1B07964E8E}.Release|Any CPU.Build.0 = Release|Any CPU
		{516A2D11-D436-44CA-B2EF-1B31FCB7877A}.Debug|Any CPU.ActiveCfg = Debug|Any CPU
		{516A2D11-D436-44CA-B2EF-1B31FCB7877A}.Debug|Any CPU.Build.0 = Debug|Any CPU
		{516A2D11-D436-44CA-B2EF-1B31FCB7877A}.Release|Any CPU.ActiveCfg = Release|Any CPU
		{516A2D11-D436-44CA-B2EF-1B31FCB7877A}.Release|Any CPU.Build.0 = Release|Any CPU
		{99D5F016-072D-4915-8347-C0783E99CCDA}.Debug|Any CPU.ActiveCfg = Debug|Any CPU
		{99D5F016-072D-4915-8347-C0783E99CCDA}.Debug|Any CPU.Build.0 = Debug|Any CPU
		{99D5F016-072D-4915-8347-C0783E99CCDA}.Release|Any CPU.ActiveCfg = Release|Any CPU
		{99D5F016-072D-4915-8347-C0783E99CCDA}.Release|Any CPU.Build.0 = Release|Any CPU
		{003E0D76-74C1-4DFE-B4BE-5BEF92E6CC42}.Debug|Any CPU.ActiveCfg = Debug|Any CPU
		{003E0D76-74C1-4DFE-B4BE-5BEF92E6CC42}.Debug|Any CPU.Build.0 = Debug|Any CPU
		{003E0D76-74C1-4DFE-B4BE-5BEF92E6CC42}.Release|Any CPU.ActiveCfg = Release|Any CPU
		{003E0D76-74C1-4DFE-B4BE-5BEF92E6CC42}.Release|Any CPU.Build.0 = Release|Any CPU
		{979B8CEF-3A9A-4A95-B1DC-2594AC9DDBD5}.Debug|Any CPU.ActiveCfg = Debug|Any CPU
		{979B8CEF-3A9A-4A95-B1DC-2594AC9DDBD5}.Debug|Any CPU.Build.0 = Debug|Any CPU
		{979B8CEF-3A9A-4A95-B1DC-2594AC9DDBD5}.Release|Any CPU.ActiveCfg = Release|Any CPU
		{979B8CEF-3A9A-4A95-B1DC-2594AC9DDBD5}.Release|Any CPU.Build.0 = Release|Any CPU
		{9808CB35-450C-4FCB-B578-E2707D551DD5}.Debug|Any CPU.ActiveCfg = Debug|Any CPU
		{9808CB35-450C-4FCB-B578-E2707D551DD5}.Debug|Any CPU.Build.0 = Debug|Any CPU
		{9808CB35-450C-4FCB-B578-E2707D551DD5}.Release|Any CPU.ActiveCfg = Release|Any CPU
		{9808CB35-450C-4FCB-B578-E2707D551DD5}.Release|Any CPU.Build.0 = Release|Any CPU
	EndGlobalSection
	GlobalSection(SolutionProperties) = preSolution
		HideSolutionNode = FALSE
	EndGlobalSection
	GlobalSection(ExtensibilityGlobals) = postSolution
		SolutionGuid = {8A92FB12-1FB4-4186-AD4C-40C63CAD735C}
	EndGlobalSection
EndGlobal
