
Microsoft Visual Studio Solution File, Format Version 12.00
# Visual Studio Version 17
VisualStudioVersion = 17.1.31911.260
MinimumVisualStudioVersion = 10.0.40219.1
Project("{9A19103F-16F7-4668-BE54-9A1E7A4F7556}") = "BotMaster.Twitch", "BotMaster.Twitch\BotMaster.Twitch.csproj", "{52E7144A-2D6A-43BF-98EB-98730A197918}"
EndProject
Project("{9A19103F-16F7-4668-BE54-9A1E7A4F7556}") = "BotMaster.Telegram", "BotMaster.Telegram\BotMaster.Telegram.csproj", "{CE1D2188-72EE-4B5D-982A-7F1B07964E8E}"
EndProject
Project("{9A19103F-16F7-4668-BE54-9A1E7A4F7556}") = "BotMaster", "BotMaster\BotMaster.csproj", "{516A2D11-D436-44CA-B2EF-1B31FCB7877A}"
EndProject
Project("{9A19103F-16F7-4668-BE54-9A1E7A4F7556}") = "BotMaster.Betterplace", "BotMaster.Betterplace\BotMaster.Betterplace.csproj", "{99D5F016-072D-4915-8347-C0783E99CCDA}"
EndProject
Project("{9A19103F-16F7-4668-BE54-9A1E7A4F7556}") = "BotMaster.Core", "BotMaster.Core\BotMaster.Core.csproj", "{003E0D76-74C1-4DFE-B4BE-5BEF92E6CC42}"
EndProject
Project("{9A19103F-16F7-4668-BE54-9A1E7A4F7556}") = "BotMaster.Runtime", "BotMaster.Runtime\BotMaster.Runtime.csproj", "{9808CB35-450C-4FCB-B578-E2707D551DD5}"
EndProject
Project("{9A19103F-16F7-4668-BE54-9A1E7A4F7556}") = "BotMaster.Database", "BotMaster.Database\BotMaster.Database.csproj", "{7619289E-758F-4C31-A613-33D919B16A8D}"
EndProject
Project("{9A19103F-16F7-4668-BE54-9A1E7A4F7556}") = "BotMaster.PluginHost", "BotMaster.PluginHost\BotMaster.PluginHost.csproj", "{354196DF-2295-4E6E-97DF-013E7478F41F}"
EndProject
Project("{9A19103F-16F7-4668-BE54-9A1E7A4F7556}") = "BotMaster.MessageContract", "BotMaster.MessageContract\BotMaster.MessageContract.csproj", "{73C0829C-176D-4BC8-AC41-0A44FC3AD6A1}"
EndProject
Project("{9A19103F-16F7-4668-BE54-9A1E7A4F7556}") = "BotMaster.PluginSystem", "BotMaster.PluginSystem\BotMaster.PluginSystem.csproj", "{578076E8-1E59-4D8C-828B-F0957928188A}"
EndProject
Project("{9A19103F-16F7-4668-BE54-9A1E7A4F7556}") = "BotMaster.Betterplace.MessageContract", "BotMaster.Betterplace.MessageContract\BotMaster.Betterplace.MessageContract.csproj", "{18594AAC-4A00-4697-BF71-DE3B16D76809}"
EndProject
Project("{2150E333-8FDC-42A3-9474-1A3956D46DE8}") = "Solution Items", "Solution Items", "{89A6BB40-CC87-4630-A59F-1C0BA0DB2EB8}"
	ProjectSection(SolutionItems) = preProject
		Todo.md = Todo.md
	EndProjectSection
EndProject
Project("{9A19103F-16F7-4668-BE54-9A1E7A4F7556}") = "BotMaster.PluginHostProcessRunner", "BotMaster.PluginHostProcessRunner\BotMaster.PluginHostProcessRunner.csproj", "{4FA0519D-EB38-4D22-872C-3FF1262D2AA9}"
EndProject
Project("{9A19103F-16F7-4668-BE54-9A1E7A4F7556}") = "BotMaster.Twitch.MessageContract", "BotMaster.Twitch.MessageContract\BotMaster.Twitch.MessageContract.csproj", "{674A3B86-9F2F-4D2D-9A1E-68A90F5CDF2E}"
EndProject
Project("{9A19103F-16F7-4668-BE54-9A1E7A4F7556}") = "BotMaster.Commandos", "BotMaster.Commandos\BotMaster.Commandos.csproj", "{57117382-10A1-4823-A4FB-A81FF6D05ABF}"
EndProject
Project("{FAE04EC0-301F-11D3-BF4B-00C04F79EFBC}") = "BotMaster.RightsManagement", "BotMaster.RightsManagement\BotMaster.RightsManagement.csproj", "{9D3B16DC-8237-460D-8335-F37D20E6771D}"
EndProject
Global
	GlobalSection(SolutionConfigurationPlatforms) = preSolution
		Debug|Any CPU = Debug|Any CPU
		Release|Any CPU = Release|Any CPU
	EndGlobalSection
	GlobalSection(ProjectConfigurationPlatforms) = postSolution
		{52E7144A-2D6A-43BF-98EB-98730A197918}.Debug|Any CPU.ActiveCfg = Debug|Any CPU
		{52E7144A-2D6A-43BF-98EB-98730A197918}.Debug|Any CPU.Build.0 = Debug|Any CPU
		{52E7144A-2D6A-43BF-98EB-98730A197918}.Release|Any CPU.ActiveCfg = Release|Any CPU
		{52E7144A-2D6A-43BF-98EB-98730A197918}.Release|Any CPU.Build.0 = Release|Any CPU
		{CE1D2188-72EE-4B5D-982A-7F1B07964E8E}.Debug|Any CPU.ActiveCfg = Debug|Any CPU
		{CE1D2188-72EE-4B5D-982A-7F1B07964E8E}.Debug|Any CPU.Build.0 = Debug|Any CPU
		{CE1D2188-72EE-4B5D-982A-7F1B07964E8E}.Release|Any CPU.ActiveCfg = Release|Any CPU
		{CE1D2188-72EE-4B5D-982A-7F1B07964E8E}.Release|Any CPU.Build.0 = Release|Any CPU
		{516A2D11-D436-44CA-B2EF-1B31FCB7877A}.Debug|Any CPU.ActiveCfg = Debug|Any CPU
		{516A2D11-D436-44CA-B2EF-1B31FCB7877A}.Debug|Any CPU.Build.0 = Debug|Any CPU
		{516A2D11-D436-44CA-B2EF-1B31FCB7877A}.Release|Any CPU.ActiveCfg = Release|Any CPU
		{516A2D11-D436-44CA-B2EF-1B31FCB7877A}.Release|Any CPU.Build.0 = Release|Any CPU
		{99D5F016-072D-4915-8347-C0783E99CCDA}.Debug|Any CPU.ActiveCfg = Debug|Any CPU
		{99D5F016-072D-4915-8347-C0783E99CCDA}.Debug|Any CPU.Build.0 = Debug|Any CPU
		{99D5F016-072D-4915-8347-C0783E99CCDA}.Release|Any CPU.ActiveCfg = Release|Any CPU
		{99D5F016-072D-4915-8347-C0783E99CCDA}.Release|Any CPU.Build.0 = Release|Any CPU
		{003E0D76-74C1-4DFE-B4BE-5BEF92E6CC42}.Debug|Any CPU.ActiveCfg = Debug|Any CPU
		{003E0D76-74C1-4DFE-B4BE-5BEF92E6CC42}.Debug|Any CPU.Build.0 = Debug|Any CPU
		{003E0D76-74C1-4DFE-B4BE-5BEF92E6CC42}.Release|Any CPU.ActiveCfg = Release|Any CPU
		{003E0D76-74C1-4DFE-B4BE-5BEF92E6CC42}.Release|Any CPU.Build.0 = Release|Any CPU
		{9808CB35-450C-4FCB-B578-E2707D551DD5}.Debug|Any CPU.ActiveCfg = Debug|Any CPU
		{9808CB35-450C-4FCB-B578-E2707D551DD5}.Debug|Any CPU.Build.0 = Debug|Any CPU
		{9808CB35-450C-4FCB-B578-E2707D551DD5}.Release|Any CPU.ActiveCfg = Release|Any CPU
		{9808CB35-450C-4FCB-B578-E2707D551DD5}.Release|Any CPU.Build.0 = Release|Any CPU
		{7619289E-758F-4C31-A613-33D919B16A8D}.Debug|Any CPU.ActiveCfg = Debug|Any CPU
		{7619289E-758F-4C31-A613-33D919B16A8D}.Debug|Any CPU.Build.0 = Debug|Any CPU
		{7619289E-758F-4C31-A613-33D919B16A8D}.Release|Any CPU.ActiveCfg = Release|Any CPU
		{7619289E-758F-4C31-A613-33D919B16A8D}.Release|Any CPU.Build.0 = Release|Any CPU
		{354196DF-2295-4E6E-97DF-013E7478F41F}.Debug|Any CPU.ActiveCfg = Debug|Any CPU
		{354196DF-2295-4E6E-97DF-013E7478F41F}.Debug|Any CPU.Build.0 = Debug|Any CPU
		{354196DF-2295-4E6E-97DF-013E7478F41F}.Release|Any CPU.ActiveCfg = Release|Any CPU
		{354196DF-2295-4E6E-97DF-013E7478F41F}.Release|Any CPU.Build.0 = Release|Any CPU
		{73C0829C-176D-4BC8-AC41-0A44FC3AD6A1}.Debug|Any CPU.ActiveCfg = Debug|Any CPU
		{73C0829C-176D-4BC8-AC41-0A44FC3AD6A1}.Debug|Any CPU.Build.0 = Debug|Any CPU
		{73C0829C-176D-4BC8-AC41-0A44FC3AD6A1}.Release|Any CPU.ActiveCfg = Release|Any CPU
		{73C0829C-176D-4BC8-AC41-0A44FC3AD6A1}.Release|Any CPU.Build.0 = Release|Any CPU
		{578076E8-1E59-4D8C-828B-F0957928188A}.Debug|Any CPU.ActiveCfg = Debug|Any CPU
		{578076E8-1E59-4D8C-828B-F0957928188A}.Debug|Any CPU.Build.0 = Debug|Any CPU
		{578076E8-1E59-4D8C-828B-F0957928188A}.Release|Any CPU.ActiveCfg = Release|Any CPU
		{578076E8-1E59-4D8C-828B-F0957928188A}.Release|Any CPU.Build.0 = Release|Any CPU
		{18594AAC-4A00-4697-BF71-DE3B16D76809}.Debug|Any CPU.ActiveCfg = Debug|Any CPU
		{18594AAC-4A00-4697-BF71-DE3B16D76809}.Debug|Any CPU.Build.0 = Debug|Any CPU
		{18594AAC-4A00-4697-BF71-DE3B16D76809}.Release|Any CPU.ActiveCfg = Release|Any CPU
		{18594AAC-4A00-4697-BF71-DE3B16D76809}.Release|Any CPU.Build.0 = Release|Any CPU
		{4FA0519D-EB38-4D22-872C-3FF1262D2AA9}.Debug|Any CPU.ActiveCfg = Debug|Any CPU
		{4FA0519D-EB38-4D22-872C-3FF1262D2AA9}.Debug|Any CPU.Build.0 = Debug|Any CPU
		{4FA0519D-EB38-4D22-872C-3FF1262D2AA9}.Release|Any CPU.ActiveCfg = Release|Any CPU
		{4FA0519D-EB38-4D22-872C-3FF1262D2AA9}.Release|Any CPU.Build.0 = Release|Any CPU
		{674A3B86-9F2F-4D2D-9A1E-68A90F5CDF2E}.Debug|Any CPU.ActiveCfg = Debug|Any CPU
		{674A3B86-9F2F-4D2D-9A1E-68A90F5CDF2E}.Debug|Any CPU.Build.0 = Debug|Any CPU
		{674A3B86-9F2F-4D2D-9A1E-68A90F5CDF2E}.Release|Any CPU.ActiveCfg = Release|Any CPU
		{674A3B86-9F2F-4D2D-9A1E-68A90F5CDF2E}.Release|Any CPU.Build.0 = Release|Any CPU
		{57117382-10A1-4823-A4FB-A81FF6D05ABF}.Debug|Any CPU.ActiveCfg = Debug|Any CPU
		{57117382-10A1-4823-A4FB-A81FF6D05ABF}.Debug|Any CPU.Build.0 = Debug|Any CPU
		{57117382-10A1-4823-A4FB-A81FF6D05ABF}.Release|Any CPU.ActiveCfg = Release|Any CPU
		{57117382-10A1-4823-A4FB-A81FF6D05ABF}.Release|Any CPU.Build.0 = Release|Any CPU
		{9D3B16DC-8237-460D-8335-F37D20E6771D}.Debug|Any CPU.ActiveCfg = Debug|Any CPU
		{9D3B16DC-8237-460D-8335-F37D20E6771D}.Debug|Any CPU.Build.0 = Debug|Any CPU
		{9D3B16DC-8237-460D-8335-F37D20E6771D}.Release|Any CPU.ActiveCfg = Release|Any CPU
		{9D3B16DC-8237-460D-8335-F37D20E6771D}.Release|Any CPU.Build.0 = Release|Any CPU
	EndGlobalSection
	GlobalSection(SolutionProperties) = preSolution
		HideSolutionNode = FALSE
	EndGlobalSection
	GlobalSection(ExtensibilityGlobals) = postSolution
		SolutionGuid = {8A92FB12-1FB4-4186-AD4C-40C63CAD735C}
	EndGlobalSection
EndGlobal
